
Microsoft Visual Studio Solution File, Format Version 12.00
# Visual Studio Version 17
VisualStudioVersion = 17.8.34511.84
MinimumVisualStudioVersion = 10.0.40219.1
Project("{FAE04EC0-301F-11D3-BF4B-00C04F79EFBC}") = "st10104646", "st10104646\st10104646.csproj", "{A364DD59-409B-4DB8-A0C5-25B918AFB98F}"
EndProject
Global
	GlobalSection(SolutionConfigurationPlatforms) = preSolution
		Debug|Any CPU = Debug|Any CPU
		Release|Any CPU = Release|Any CPU
	EndGlobalSection
	GlobalSection(ProjectConfigurationPlatforms) = postSolution
		{A364DD59-409B-4DB8-A0C5-25B918AFB98F}.Debug|Any CPU.ActiveCfg = Debug|Any CPU
		{A364DD59-409B-4DB8-A0C5-25B918AFB98F}.Debug|Any CPU.Build.0 = Debug|Any CPU
		{A364DD59-409B-4DB8-A0C5-25B918AFB98F}.Release|Any CPU.ActiveCfg = Release|Any CPU
		{A364DD59-409B-4DB8-A0C5-25B918AFB98F}.Release|Any CPU.Build.0 = Release|Any CPU
	EndGlobalSection
	GlobalSection(SolutionProperties) = preSolution
		HideSolutionNode = FALSE
	EndGlobalSection
	GlobalSection(ExtensibilityGlobals) = postSolution
		SolutionGuid = {C139CDEC-F8FE-452E-A2DA-32C35584E1B4}
	EndGlobalSection
EndGlobal
